Microsoft Visual Studio Solution File, Format Version 12.00
# Visual Studio Version 17
VisualStudioVersion = 17.5.2.0
MinimumVisualStudioVersion = 10.0.40219.1
Project("{FAE04EC0-301F-11D3-BF4B-00C04F79EFBC}") = "Task 8", "Task 8.csproj", "{AAAB919F-55D3-1C16-0CC5-F98A4EAD1060}"
EndProject
Global
	GlobalSection(SolutionConfigurationPlatforms) = preSolution
		Debug|Any CPU = Debug|Any CPU
		Release|Any CPU = Release|Any CPU
	EndGlobalSection
	GlobalSection(ProjectConfigurationPlatforms) = postSolution
		{AAAB919F-55D3-1C16-0CC5-F98A4EAD1060}.Debug|Any CPU.ActiveCfg = Debug|Any CPU
		{AAAB919F-55D3-1C16-0CC5-F98A4EAD1060}.Debug|Any CPU.Build.0 = Debug|Any CPU
		{AAAB919F-55D3-1C16-0CC5-F98A4EAD1060}.Release|Any CPU.ActiveCfg = Release|Any CPU
		{AAAB919F-55D3-1C16-0CC5-F98A4EAD1060}.Release|Any CPU.Build.0 = Release|Any CPU
	EndGlobalSection
	GlobalSection(SolutionProperties) = preSolution
		HideSolutionNode = FALSE
	EndGlobalSection
	GlobalSection(ExtensibilityGlobals) = postSolution
		SolutionGuid = {790677C9-FC1F-476E-804A-BD0867E56FC9}
	EndGlobalSection
EndGlobal
